
Microsoft Visual Studio Solution File, Format Version 12.00
# Visual Studio Version 17
VisualStudioVersion = 17.0.32014.148
MinimumVisualStudioVersion = 10.0.40219.1
Project("{FAE04EC0-301F-11D3-BF4B-00C04F79EFBC}") = "StarSecurityServices", "StarSecurityServices.csproj", "{597AC735-E39C-4BA2-A23B-F1E000C7FF77}"
EndProject
Global
	GlobalSection(SolutionConfigurationPlatforms) = preSolution
		Debug|Any CPU = Debug|Any CPU
		Release|Any CPU = Release|Any CPU
	EndGlobalSection
	GlobalSection(ProjectConfigurationPlatforms) = postSolution
		{597AC735-E39C-4BA2-A23B-F1E000C7FF77}.Debug|Any CPU.ActiveCfg = Debug|Any CPU
		{597AC735-E39C-4BA2-A23B-F1E000C7FF77}.Debug|Any CPU.Build.0 = Debug|Any CPU
		{597AC735-E39C-4BA2-A23B-F1E000C7FF77}.Release|Any CPU.ActiveCfg = Release|Any CPU
		{597AC735-E39C-4BA2-A23B-F1E000C7FF77}.Release|Any CPU.Build.0 = Release|Any CPU
	EndGlobalSection
	GlobalSection(SolutionProperties) = preSolution
		HideSolutionNode = FALSE
	EndGlobalSection
	GlobalSection(ExtensibilityGlobals) = postSolution
		SolutionGuid = {51C338E9-F7A2-4151-AB75-D50562CAD6D0}
	EndGlobalSection
EndGlobal
